
Microsoft Visual Studio Solution File, Format Version 12.00
# Visual Studio 15
VisualStudioVersion = 15.0.26228.4
MinimumVisualStudioVersion = 10.0.40219.1
Project("{FAE04EC0-301F-11D3-BF4B-00C04F79EFBC}") = "AutoWaifu", "AutoWaifu\AutoWaifu.csproj", "{C7A2B0E7-045C-4482-830C-D433395EC87E}"
EndProject
Project("{FAE04EC0-301F-11D3-BF4B-00C04F79EFBC}") = "AutoWaifu.Bot", "AutoWaifu.Bot\AutoWaifu.Bot.csproj", "{ED5B7C97-CBBD-4757-9A96-53CCF68F0FEA}"
EndProject
Project("{FAE04EC0-301F-11D3-BF4B-00C04F79EFBC}") = "AutoWaifu.Bot.UX", "AutoWaifu.Bot.UX\AutoWaifu.Bot.UX.csproj", "{BADBC355-079E-4746-9634-C68ADD9BD92E}"
EndProject
Project("{2150E333-8FDC-42A3-9474-1A3956D46DE8}") = "RedditAPI", "RedditAPI", "{0717E407-8558-440E-B64E-DF05008EE5E4}"
EndProject
Project("{FAE04EC0-301F-11D3-BF4B-00C04F79EFBC}") = "Reddit", "..\Reddit-master\Reddit\Reddit.csproj", "{404BDCA9-A1DD-4C99-8DD7-11FA2E378C36}"
EndProject
Project("{FAE04EC0-301F-11D3-BF4B-00C04F79EFBC}") = "RedditAPI", "..\csharpredditapi-code-943644ffd10c2f288d1237669462eafee9407124\RedditAPI.csproj", "{53846634-5CE2-4BE5-BA2E-6D302B97AE11}"
EndProject
Project("{FAE04EC0-301F-11D3-BF4B-00C04F79EFBC}") = "RedditSharp", "..\RedditSharp-master\RedditSharp\RedditSharp.csproj", "{A368CB75-75F0-4489-904D-B5CEBB0FE624}"
EndProject
Project("{FAE04EC0-301F-11D3-BF4B-00C04F79EFBC}") = "AutoResize", "AutoResize\AutoResize.csproj", "{2460DA24-3D65-4BC3-8C81-2D096946883B}"
EndProject
Project("{2150E333-8FDC-42A3-9474-1A3956D46DE8}") = "Solution Items", "Solution Items", "{F8C20336-730D-4893-8850-1698C4EF44A7}"
	ProjectSection(SolutionItems) = preProject
		README.md = README.md
	EndProjectSection
EndProject
Project("{FAE04EC0-301F-11D3-BF4B-00C04F79EFBC}") = "AutoConvert", "AutoConvert\AutoConvert.csproj", "{3151B71A-5403-4BF3-B367-9010DF615F25}"
EndProject
Project("{FAE04EC0-301F-11D3-BF4B-00C04F79EFBC}") = "AutoWaifu.Gif", "AutoWaifu.Gif\AutoWaifu.Gif.csproj", "{78CC3935-EDF4-4898-8758-FE1A1E3F8031}"
EndProject
Project("{FAE04EC0-301F-11D3-BF4B-00C04F79EFBC}") = "AutoWaifu.Image", "AutoWaifu.Image\AutoWaifu.Image.csproj", "{3706B707-7B1D-428A-AC69-CEE94F29F3E2}"
EndProject
Project("{FAE04EC0-301F-11D3-BF4B-00C04F79EFBC}") = "AutoWaifu.Lib", "AutoWaifu.Lib\AutoWaifu.Lib.csproj", "{6F706274-5597-42A2-9371-BC44A9034E67}"
EndProject
Project("{2150E333-8FDC-42A3-9474-1A3956D46DE8}") = "Old", "Old", "{9FC632EB-C0FA-46C8-87ED-8868523B9BB3}"
EndProject
Project("{FAE04EC0-301F-11D3-BF4B-00C04F79EFBC}") = "AutoWaifu2", "AutoWaifu2\AutoWaifu2.csproj", "{B4D4E114-162F-4AFC-8AF2-A8335BFE6C39}"
EndProject
Project("{FAE04EC0-301F-11D3-BF4B-00C04F79EFBC}") = "WaifuLog", "WaifuLog\WaifuLog.csproj", "{FBF3FDED-6DE5-4164-BF7E-6116A7422B26}"
EndProject
Global
	GlobalSection(SolutionConfigurationPlatforms) = preSolution
		Debug|Any CPU = Debug|Any CPU
		Debug|x86 = Debug|x86
		Release|Any CPU = Release|Any CPU
		Release|x86 = Release|x86
	EndGlobalSection
	GlobalSection(ProjectConfigurationPlatforms) = postSolution
		{C7A2B0E7-045C-4482-830C-D433395EC87E}.Debug|Any CPU.ActiveCfg = Debug|Any CPU
		{C7A2B0E7-045C-4482-830C-D433395EC87E}.Debug|Any CPU.Build.0 = Debug|Any CPU
		{C7A2B0E7-045C-4482-830C-D433395EC87E}.Debug|x86.ActiveCfg = Debug|Any CPU
		{C7A2B0E7-045C-4482-830C-D433395EC87E}.Debug|x86.Build.0 = Debug|Any CPU
		{C7A2B0E7-045C-4482-830C-D433395EC87E}.Release|Any CPU.ActiveCfg = Release|Any CPU
		{C7A2B0E7-045C-4482-830C-D433395EC87E}.Release|Any CPU.Build.0 = Release|Any CPU
		{C7A2B0E7-045C-4482-830C-D433395EC87E}.Release|x86.ActiveCfg = Release|Any CPU
		{C7A2B0E7-045C-4482-830C-D433395EC87E}.Release|x86.Build.0 = Release|Any CPU
		{ED5B7C97-CBBD-4757-9A96-53CCF68F0FEA}.Debug|Any CPU.ActiveCfg = Debug|Any CPU
		{ED5B7C97-CBBD-4757-9A96-53CCF68F0FEA}.Debug|Any CPU.Build.0 = Debug|Any CPU
		{ED5B7C97-CBBD-4757-9A96-53CCF68F0FEA}.Debug|x86.ActiveCfg = Debug|Any CPU
		{ED5B7C97-CBBD-4757-9A96-53CCF68F0FEA}.Debug|x86.Build.0 = Debug|Any CPU
		{ED5B7C97-CBBD-4757-9A96-53CCF68F0FEA}.Release|Any CPU.ActiveCfg = Release|Any CPU
		{ED5B7C97-CBBD-4757-9A96-53CCF68F0FEA}.Release|Any CPU.Build.0 = Release|Any CPU
		{ED5B7C97-CBBD-4757-9A96-53CCF68F0FEA}.Release|x86.ActiveCfg = Release|Any CPU
		{ED5B7C97-CBBD-4757-9A96-53CCF68F0FEA}.Release|x86.Build.0 = Release|Any CPU
		{BADBC355-079E-4746-9634-C68ADD9BD92E}.Debug|Any CPU.ActiveCfg = Debug|Any CPU
		{BADBC355-079E-4746-9634-C68ADD9BD92E}.Debug|Any CPU.Build.0 = Debug|Any CPU
		{BADBC355-079E-4746-9634-C68ADD9BD92E}.Debug|x86.ActiveCfg = Debug|Any CPU
		{BADBC355-079E-4746-9634-C68ADD9BD92E}.Debug|x86.Build.0 = Debug|Any CPU
		{BADBC355-079E-4746-9634-C68ADD9BD92E}.Release|Any CPU.ActiveCfg = Release|Any CPU
		{BADBC355-079E-4746-9634-C68ADD9BD92E}.Release|Any CPU.Build.0 = Release|Any CPU
		{BADBC355-079E-4746-9634-C68ADD9BD92E}.Release|x86.ActiveCfg = Release|Any CPU
		{BADBC355-079E-4746-9634-C68ADD9BD92E}.Release|x86.Build.0 = Release|Any CPU
		{404BDCA9-A1DD-4C99-8DD7-11FA2E378C36}.Debug|Any CPU.ActiveCfg = Debug|Any CPU
		{404BDCA9-A1DD-4C99-8DD7-11FA2E378C36}.Debug|Any CPU.Build.0 = Debug|Any CPU
		{404BDCA9-A1DD-4C99-8DD7-11FA2E378C36}.Debug|x86.ActiveCfg = Debug|Any CPU
		{404BDCA9-A1DD-4C99-8DD7-11FA2E378C36}.Debug|x86.Build.0 = Debug|Any CPU
		{404BDCA9-A1DD-4C99-8DD7-11FA2E378C36}.Release|Any CPU.ActiveCfg = Release|Any CPU
		{404BDCA9-A1DD-4C99-8DD7-11FA2E378C36}.Release|Any CPU.Build.0 = Release|Any CPU
		{404BDCA9-A1DD-4C99-8DD7-11FA2E378C36}.Release|x86.ActiveCfg = Release|Any CPU
		{404BDCA9-A1DD-4C99-8DD7-11FA2E378C36}.Release|x86.Build.0 = Release|Any CPU
		{53846634-5CE2-4BE5-BA2E-6D302B97AE11}.Debug|Any CPU.ActiveCfg = Debug|Any CPU
		{53846634-5CE2-4BE5-BA2E-6D302B97AE11}.Debug|Any CPU.Build.0 = Debug|Any CPU
		{53846634-5CE2-4BE5-BA2E-6D302B97AE11}.Debug|x86.ActiveCfg = Debug|Any CPU
		{53846634-5CE2-4BE5-BA2E-6D302B97AE11}.Debug|x86.Build.0 = Debug|Any CPU
		{53846634-5CE2-4BE5-BA2E-6D302B97AE11}.Release|Any CPU.ActiveCfg = Release|Any CPU
		{53846634-5CE2-4BE5-BA2E-6D302B97AE11}.Release|Any CPU.Build.0 = Release|Any CPU
		{53846634-5CE2-4BE5-BA2E-6D302B97AE11}.Release|x86.ActiveCfg = Release|Any CPU
		{53846634-5CE2-4BE5-BA2E-6D302B97AE11}.Release|x86.Build.0 = Release|Any CPU
		{A368CB75-75F0-4489-904D-B5CEBB0FE624}.Debug|Any CPU.ActiveCfg = Debug|Any CPU
		{A368CB75-75F0-4489-904D-B5CEBB0FE624}.Debug|Any CPU.Build.0 = Debug|Any CPU
		{A368CB75-75F0-4489-904D-B5CEBB0FE624}.Debug|x86.ActiveCfg = Debug|Any CPU
		{A368CB75-75F0-4489-904D-B5CEBB0FE624}.Debug|x86.Build.0 = Debug|Any CPU
		{A368CB75-75F0-4489-904D-B5CEBB0FE624}.Release|Any CPU.ActiveCfg = Release|Any CPU
		{A368CB75-75F0-4489-904D-B5CEBB0FE624}.Release|Any CPU.Build.0 = Release|Any CPU
		{A368CB75-75F0-4489-904D-B5CEBB0FE624}.Release|x86.ActiveCfg = Release|Any CPU
		{A368CB75-75F0-4489-904D-B5CEBB0FE624}.Release|x86.Build.0 = Release|Any CPU
		{2460DA24-3D65-4BC3-8C81-2D096946883B}.Debug|Any CPU.ActiveCfg = Debug|Any CPU
		{2460DA24-3D65-4BC3-8C81-2D096946883B}.Debug|Any CPU.Build.0 = Debug|Any CPU
		{2460DA24-3D65-4BC3-8C81-2D096946883B}.Debug|x86.ActiveCfg = Debug|Any CPU
		{2460DA24-3D65-4BC3-8C81-2D096946883B}.Debug|x86.Build.0 = Debug|Any CPU
		{2460DA24-3D65-4BC3-8C81-2D096946883B}.Release|Any CPU.ActiveCfg = Release|Any CPU
		{2460DA24-3D65-4BC3-8C81-2D096946883B}.Release|Any CPU.Build.0 = Release|Any CPU
		{2460DA24-3D65-4BC3-8C81-2D096946883B}.Release|x86.ActiveCfg = Release|Any CPU
		{2460DA24-3D65-4BC3-8C81-2D096946883B}.Release|x86.Build.0 = Release|Any CPU
		{3151B71A-5403-4BF3-B367-9010DF615F25}.Debug|Any CPU.ActiveCfg = Debug|Any CPU
		{3151B71A-5403-4BF3-B367-9010DF615F25}.Debug|Any CPU.Build.0 = Debug|Any CPU
		{3151B71A-5403-4BF3-B367-9010DF615F25}.Debug|x86.ActiveCfg = Debug|Any CPU
		{3151B71A-5403-4BF3-B367-9010DF615F25}.Debug|x86.Build.0 = Debug|Any CPU
		{3151B71A-5403-4BF3-B367-9010DF615F25}.Release|Any CPU.ActiveCfg = Release|Any CPU
		{3151B71A-5403-4BF3-B367-9010DF615F25}.Release|Any CPU.Build.0 = Release|Any CPU
		{3151B71A-5403-4BF3-B367-9010DF615F25}.Release|x86.ActiveCfg = Release|Any CPU
		{3151B71A-5403-4BF3-B367-9010DF615F25}.Release|x86.Build.0 = Release|Any CPU
		{78CC3935-EDF4-4898-8758-FE1A1E3F8031}.Debug|Any CPU.ActiveCfg = Debug|Any CPU
		{78CC3935-EDF4-4898-8758-FE1A1E3F8031}.Debug|Any CPU.Build.0 = Debug|Any CPU
		{78CC3935-EDF4-4898-8758-FE1A1E3F8031}.Debug|x86.ActiveCfg = Debug|Any CPU
		{78CC3935-EDF4-4898-8758-FE1A1E3F8031}.Debug|x86.Build.0 = Debug|Any CPU
		{78CC3935-EDF4-4898-8758-FE1A1E3F8031}.Release|Any CPU.ActiveCfg = Release|Any CPU
		{78CC3935-EDF4-4898-8758-FE1A1E3F8031}.Release|Any CPU.Build.0 = Release|Any CPU
		{78CC3935-EDF4-4898-8758-FE1A1E3F8031}.Release|x86.ActiveCfg = Release|Any CPU
		{78CC3935-EDF4-4898-8758-FE1A1E3F8031}.Release|x86.Build.0 = Release|Any CPU
		{3706B707-7B1D-428A-AC69-CEE94F29F3E2}.Debug|Any CPU.ActiveCfg = Debug|Any CPU
		{3706B707-7B1D-428A-AC69-CEE94F29F3E2}.Debug|Any CPU.Build.0 = Debug|Any CPU
		{3706B707-7B1D-428A-AC69-CEE94F29F3E2}.Debug|x86.ActiveCfg = Debug|Any CPU
		{3706B707-7B1D-428A-AC69-CEE94F29F3E2}.Debug|x86.Build.0 = Debug|Any CPU
		{3706B707-7B1D-428A-AC69-CEE94F29F3E2}.Release|Any CPU.ActiveCfg = Release|Any CPU
		{3706B707-7B1D-428A-AC69-CEE94F29F3E2}.Release|Any CPU.Build.0 = Release|Any CPU
		{3706B707-7B1D-428A-AC69-CEE94F29F3E2}.Release|x86.ActiveCfg = Release|Any CPU
		{3706B707-7B1D-428A-AC69-CEE94F29F3E2}.Release|x86.Build.0 = Release|Any CPU
		{6F706274-5597-42A2-9371-BC44A9034E67}.Debug|Any CPU.ActiveCfg = Debug|Any CPU
		{6F706274-5597-42A2-9371-BC44A9034E67}.Debug|Any CPU.Build.0 = Debug|Any CPU
		{6F706274-5597-42A2-9371-BC44A9034E67}.Debug|x86.ActiveCfg = Debug|Any CPU
		{6F706274-5597-42A2-9371-BC44A9034E67}.Debug|x86.Build.0 = Debug|Any CPU
		{6F706274-5597-42A2-9371-BC44A9034E67}.Release|Any CPU.ActiveCfg = Release|Any CPU
		{6F706274-5597-42A2-9371-BC44A9034E67}.Release|Any CPU.Build.0 = Release|Any CPU
		{6F706274-5597-42A2-9371-BC44A9034E67}.Release|x86.ActiveCfg = Release|Any CPU
		{6F706274-5597-42A2-9371-BC44A9034E67}.Release|x86.Build.0 = Release|Any CPU
		{B4D4E114-162F-4AFC-8AF2-A8335BFE6C39}.Debug|Any CPU.ActiveCfg = Debug|Any CPU
		{B4D4E114-162F-4AFC-8AF2-A8335BFE6C39}.Debug|Any CPU.Build.0 = Debug|Any CPU
		{B4D4E114-162F-4AFC-8AF2-A8335BFE6C39}.Debug|x86.ActiveCfg = Debug|Any CPU
		{B4D4E114-162F-4AFC-8AF2-A8335BFE6C39}.Debug|x86.Build.0 = Debug|Any CPU
		{B4D4E114-162F-4AFC-8AF2-A8335BFE6C39}.Release|Any CPU.ActiveCfg = Release|Any CPU
		{B4D4E114-162F-4AFC-8AF2-A8335BFE6C39}.Release|Any CPU.Build.0 = Release|Any CPU
		{B4D4E114-162F-4AFC-8AF2-A8335BFE6C39}.Release|x86.ActiveCfg = Release|Any CPU
		{B4D4E114-162F-4AFC-8AF2-A8335BFE6C39}.Release|x86.Build.0 = Release|Any CPU
		{FBF3FDED-6DE5-4164-BF7E-6116A7422B26}.Debug|Any CPU.ActiveCfg = Debug|Any CPU
		{FBF3FDED-6DE5-4164-BF7E-6116A7422B26}.Debug|Any CPU.Build.0 = Debug|Any CPU
		{FBF3FDED-6DE5-4164-BF7E-6116A7422B26}.Debug|x86.ActiveCfg = Debug|Any CPU
		{FBF3FDED-6DE5-4164-BF7E-6116A7422B26}.Debug|x86.Build.0 = Debug|Any CPU
		{FBF3FDED-6DE5-4164-BF7E-6116A7422B26}.Release|Any CPU.ActiveCfg = Release|Any CPU
		{FBF3FDED-6DE5-4164-BF7E-6116A7422B26}.Release|Any CPU.Build.0 = Release|Any CPU
		{FBF3FDED-6DE5-4164-BF7E-6116A7422B26}.Release|x86.ActiveCfg = Release|Any CPU
		{FBF3FDED-6DE5-4164-BF7E-6116A7422B26}.Release|x86.Build.0 = Release|Any CPU
	EndGlobalSection
	GlobalSection(SolutionProperties) = preSolution
		HideSolutionNode = FALSE
	EndGlobalSection
	GlobalSection(NestedProjects) = preSolution
		{C7A2B0E7-045C-4482-830C-D433395EC87E} = {9FC632EB-C0FA-46C8-87ED-8868523B9BB3}
		{404BDCA9-A1DD-4C99-8DD7-11FA2E378C36} = {0717E407-8558-440E-B64E-DF05008EE5E4}
		{53846634-5CE2-4BE5-BA2E-6D302B97AE11} = {0717E407-8558-440E-B64E-DF05008EE5E4}
		{A368CB75-75F0-4489-904D-B5CEBB0FE624} = {0717E407-8558-440E-B64E-DF05008EE5E4}
		{78CC3935-EDF4-4898-8758-FE1A1E3F8031} = {9FC632EB-C0FA-46C8-87ED-8868523B9BB3}
		{3706B707-7B1D-428A-AC69-CEE94F29F3E2} = {9FC632EB-C0FA-46C8-87ED-8868523B9BB3}
	EndGlobalSection
	GlobalSection(Performance) = preSolution
		HasPerformanceSessions = true
	EndGlobalSection
EndGlobal
